{
  "name": "liveview-rust-example",
  "lockfileVersion": 2,
  "requires": true,
  "packages": {
    "": {
      "dependencies": {
        "liveview-rust": "^0.0.8"
      }
    },
    "node_modules/jquery": {
      "version": "3.6.0",
      "resolved": "https://registry.npmjs.org/jquery/-/jquery-3.6.0.tgz",
      "integrity": "sha512-JVzAR/AjBvVt2BmYhxRCSYysDsPcssdmTFnzyLEts9qNwmjmu4JTAMYubEfwVOSwpQ1I1sKKFcxhZCI2buerfw=="
    },
    "node_modules/liveview-rust": {
      "version": "0.0.8",
      "resolved": "https://registry.npmjs.org/liveview-rust/-/liveview-rust-0.0.8.tgz",
      "integrity": "sha512-7UwvtKKPzHD/b9BYcbxoeao77Ewb6/5ib5gS5NUJ3nozjAbSz0uJFJOklRhpJf5P8gOPYJuEAwDN64e2Y4UVOw==",
      "dependencies": {
        "jquery": "^3.5.0",
        "morphdom": "^2.5.12"
      }
    },
    "node_modules/morphdom": {
      "version": "2.6.1",
      "resolved": "https://registry.npmjs.org/morphdom/-/morphdom-2.6.1.tgz",
      "integrity": "sha512-Y8YRbAEP3eKykroIBWrjcfMw7mmwJfjhqdpSvoqinu8Y702nAwikpXcNFDiIkyvfCLxLM9Wu95RZqo4a9jFBaA=="
    }
  },
  "dependencies": {
    "jquery": {
      "version": "3.6.0",
      "resolved": "https://registry.npmjs.org/jquery/-/jquery-3.6.0.tgz",
      "integrity": "sha512-JVzAR/AjBvVt2BmYhxRCSYysDsPcssdmTFnzyLEts9qNwmjmu4JTAMYubEfwVOSwpQ1I1sKKFcxhZCI2buerfw=="
    },
    "liveview-rust": {
      "version": "0.0.8",
      "resolved": "https://registry.npmjs.org/liveview-rust/-/liveview-rust-0.0.8.tgz",
      "integrity": "sha512-7UwvtKKPzHD/b9BYcbxoeao77Ewb6/5ib5gS5NUJ3nozjAbSz0uJFJOklRhpJf5P8gOPYJuEAwDN64e2Y4UVOw==",
      "requires": {
        "jquery": "^3.5.0",
        "morphdom": "^2.5.12"
      }
    },
    "morphdom": {
      "version": "2.6.1",
      "resolved": "https://registry.npmjs.org/morphdom/-/morphdom-2.6.1.tgz",
      "integrity": "sha512-Y8YRbAEP3eKykroIBWrjcfMw7mmwJfjhqdpSvoqinu8Y702nAwikpXcNFDiIkyvfCLxLM9Wu95RZqo4a9jFBaA=="
    }
  }
}
